
Microsoft Visual Studio Solution File, Format Version 12.00
# Visual Studio Version 17
VisualStudioVersion = 17.4.33122.133
MinimumVisualStudioVersion = 10.0.40219.1
Project("{2150E333-8FDC-42A3-9474-1A3956D46DE8}") = "Exercise-1", "Exercise-1", "{655017BD-41D2-4A0E-A9A5-6E105098E7D5}"
EndProject
Project("{9A19103F-16F7-4668-BE54-9A1E7A4F7556}") = "Chapter04.Exercise_1", "Exercise-1\Chapter04.Exercise_1\Chapter04.Exercise_1.csproj", "{86E053BF-341C-4F62-9468-727D033E2F2F}"
EndProject
Project("{2150E333-8FDC-42A3-9474-1A3956D46DE8}") = "Exercise-2", "Exercise-2", "{F1C18862-826D-4323-AE7C-7D9FDA0CC445}"
EndProject
Project("{FAE04EC0-301F-11D3-BF4B-00C04F79EFBC}") = "Chapter04.Exercise_2", "Exercise-2\Chapter04.Exercise_2\Chapter04.Exercise_2.csproj", "{628ACBE2-6B83-4D22-B8F3-204A02BDAA6B}"
EndProject
Project("{2150E333-8FDC-42A3-9474-1A3956D46DE8}") = "Exercise-3", "Exercise-3", "{B7686883-D3D0-4607-B322-BA135657DF4A}"
EndProject
Project("{FAE04EC0-301F-11D3-BF4B-00C04F79EFBC}") = "Chapter04.Exercise_3", "Exercise-3\Chapter04.Exercise_3\Chapter04.Exercise_3.csproj", "{3E8AAE5D-9DF2-412F-8A3F-440F4E26F223}"
EndProject
Global
	GlobalSection(SolutionConfigurationPlatforms) = preSolution
		Debug|Any CPU = Debug|Any CPU
		Release|Any CPU = Release|Any CPU
	EndGlobalSection
	GlobalSection(ProjectConfigurationPlatforms) = postSolution
		{86E053BF-341C-4F62-9468-727D033E2F2F}.Debug|Any CPU.ActiveCfg = Debug|Any CPU
		{86E053BF-341C-4F62-9468-727D033E2F2F}.Debug|Any CPU.Build.0 = Debug|Any CPU
		{86E053BF-341C-4F62-9468-727D033E2F2F}.Release|Any CPU.ActiveCfg = Release|Any CPU
		{86E053BF-341C-4F62-9468-727D033E2F2F}.Release|Any CPU.Build.0 = Release|Any CPU
		{628ACBE2-6B83-4D22-B8F3-204A02BDAA6B}.Debug|Any CPU.ActiveCfg = Debug|Any CPU
		{628ACBE2-6B83-4D22-B8F3-204A02BDAA6B}.Debug|Any CPU.Build.0 = Debug|Any CPU
		{628ACBE2-6B83-4D22-B8F3-204A02BDAA6B}.Release|Any CPU.ActiveCfg = Release|Any CPU
		{628ACBE2-6B83-4D22-B8F3-204A02BDAA6B}.Release|Any CPU.Build.0 = Release|Any CPU
		{3E8AAE5D-9DF2-412F-8A3F-440F4E26F223}.Debug|Any CPU.ActiveCfg = Debug|Any CPU
		{3E8AAE5D-9DF2-412F-8A3F-440F4E26F223}.Debug|Any CPU.Build.0 = Debug|Any CPU
		{3E8AAE5D-9DF2-412F-8A3F-440F4E26F223}.Release|Any CPU.ActiveCfg = Release|Any CPU
		{3E8AAE5D-9DF2-412F-8A3F-440F4E26F223}.Release|Any CPU.Build.0 = Release|Any CPU
	EndGlobalSection
	GlobalSection(SolutionProperties) = preSolution
		HideSolutionNode = FALSE
	EndGlobalSection
	GlobalSection(NestedProjects) = preSolution
		{86E053BF-341C-4F62-9468-727D033E2F2F} = {655017BD-41D2-4A0E-A9A5-6E105098E7D5}
		{628ACBE2-6B83-4D22-B8F3-204A02BDAA6B} = {F1C18862-826D-4323-AE7C-7D9FDA0CC445}
		{3E8AAE5D-9DF2-412F-8A3F-440F4E26F223} = {B7686883-D3D0-4607-B322-BA135657DF4A}
	EndGlobalSection
	GlobalSection(ExtensibilityGlobals) = postSolution
		SolutionGuid = {CB86D69E-47B7-4236-81AF-69FC0399491F}
	EndGlobalSection
EndGlobal
